
Microsoft Visual Studio Solution File, Format Version 12.00
# Visual Studio Version 17
VisualStudioVersion = 17.9.34728.123
MinimumVisualStudioVersion = 10.0.40219.1
Project("{FAE04EC0-301F-11D3-BF4B-00C04F79EFBC}") = "PetCare.Common", "PetCare.Common\PetCare.Common.csproj", "{742D315D-F81A-4306-9354-B09B6F7A29A0}"
EndProject
Global
	GlobalSection(SolutionConfigurationPlatforms) = preSolution
		Debug|Any CPU = Debug|Any CPU
		Release|Any CPU = Release|Any CPU
	EndGlobalSection
	GlobalSection(ProjectConfigurationPlatforms) = postSolution
		{742D315D-F81A-4306-9354-B09B6F7A29A0}.Debug|Any CPU.ActiveCfg = Debug|Any CPU
		{742D315D-F81A-4306-9354-B09B6F7A29A0}.Debug|Any CPU.Build.0 = Debug|Any CPU
		{742D315D-F81A-4306-9354-B09B6F7A29A0}.Release|Any CPU.ActiveCfg = Release|Any CPU
		{742D315D-F81A-4306-9354-B09B6F7A29A0}.Release|Any CPU.Build.0 = Release|Any CPU
	EndGlobalSection
	GlobalSection(SolutionProperties) = preSolution
		HideSolutionNode = FALSE
	EndGlobalSection
	GlobalSection(ExtensibilityGlobals) = postSolution
		SolutionGuid = {06B1A18A-79EE-4CE6-AE80-19A60052AFE1}
	EndGlobalSection
EndGlobal
